Microsoft Visual Studio Solution File, Format Version 12.00
# Visual Studio Version 17
VisualStudioVersion = 17.5.2.0
MinimumVisualStudioVersion = 10.0.40219.1
Project("{FAE04EC0-301F-11D3-BF4B-00C04F79EFBC}") = "Kotikirjasto", "Kotikirjasto.csproj", "{B81B465B-904F-00C0-C193-9CE3FE6C6D6B}"
EndProject
Global
	GlobalSection(SolutionConfigurationPlatforms) = preSolution
		Debug|Any CPU = Debug|Any CPU
		Release|Any CPU = Release|Any CPU
	EndGlobalSection
	GlobalSection(ProjectConfigurationPlatforms) = postSolution
		{B81B465B-904F-00C0-C193-9CE3FE6C6D6B}.Debug|Any CPU.ActiveCfg = Debug|Any CPU
		{B81B465B-904F-00C0-C193-9CE3FE6C6D6B}.Debug|Any CPU.Build.0 = Debug|Any CPU
		{B81B465B-904F-00C0-C193-9CE3FE6C6D6B}.Release|Any CPU.ActiveCfg = Release|Any CPU
		{B81B465B-904F-00C0-C193-9CE3FE6C6D6B}.Release|Any CPU.Build.0 = Release|Any CPU
	EndGlobalSection
	GlobalSection(SolutionProperties) = preSolution
		HideSolutionNode = FALSE
	EndGlobalSection
	GlobalSection(ExtensibilityGlobals) = postSolution
		SolutionGuid = {173C85A1-FB62-4CCE-8302-58DDAC70DD5E}
	EndGlobalSection
EndGlobal
